<?xml version="1.0" encoding="utf-8"?>
<Project ToolsVersion="4.0" xmlns="http://schemas.microsoft.com/developer/msbuild/2003">
  <ItemGroup>
    <Filter Include="Source Files">
      <UniqueIdentifier>{4FC737F1-C7A5-4376-A066-2A32D752A2FF}</UniqueIdentifier>
      <Extensions>cpp;c;cc;cxx;c++;cppm;ixx;def;odl;idl;hpj;bat;asm;asmx</Extensions>
    </Filter>
  </ItemGroup>
  <ItemGroup>
    <ClCompile Include="main.cpp">
      <Filter>Source Files</Filter>
    </ClCompile>
    <ClCompile Include="fbx_importer.cpp">
      <Filter>Source Files</Filter>
    </ClCompile>
    <ClCompile Include="fbx_parser.cpp">
      <Filter>Source Files</Filter>
    </ClCompile>
    <ClCompile Include="file_utils.cpp">
      <Filter>Source Files</Filter>
    </ClCompile>
    <ClCompile Include="string_utils.cpp">
      <Filter>Source Files</Filter>
    </ClCompile>
    <ClCompile Include="fbx_helpers.cpp">
      <Filter>Source Files</Filter>
    </ClCompile>
  </ItemGroup>
  <ItemGroup>
    <ClInclude Include="fbx_importer.h">
      <Filter>Source Files</Filter>
    </ClInclude>
    <ClInclude Include="fbx_parser.h">
      <Filter>Source Files</Filter>
    </ClInclude>
    <ClInclude Include="file_utils.h">
      <Filter>Source Files</Filter>
    </ClInclude>
    <ClInclude Include="string_utils.h">
      <Filter>Source Files</Filter>
    </ClInclude>
    <ClInclude Include="fbx_helpers.h">
      <Filter>Source Files</Filter>
    </ClInclude>
  </ItemGroup>
</Project>